
Microsoft Visual Studio Solution File, Format Version 12.00
# Visual Studio 15
VisualStudioVersion = 15.0.27130.2036
MinimumVisualStudioVersion = 10.0.40219.1
Project("{FAE04EC0-301F-11D3-BF4B-00C04F79EFBC}") = "CSVWorker", "CSVWorker.csproj", "{E98A8D9B-8327-4FAF-9D09-7E54C67BF57E}"
EndProject
Global
	GlobalSection(SolutionConfigurationPlatforms) = preSolution
		Debug|Any CPU = Debug|Any CPU
		Debug|x64 = Debug|x64
		Debug|x86 = Debug|x86
		Release|Any CPU = Release|Any CPU
		Release|x64 = Release|x64
		Release|x86 = Release|x86
	EndGlobalSection
	GlobalSection(ProjectConfigurationPlatforms) = postSolution
		{E98A8D9B-8327-4FAF-9D09-7E54C67BF57E}.Debug|Any CPU.ActiveCfg = Debug|Any CPU
		{E98A8D9B-8327-4FAF-9D09-7E54C67BF57E}.Debug|Any CPU.Build.0 = Debug|Any CPU
		{E98A8D9B-8327-4FAF-9D09-7E54C67BF57E}.Debug|x64.ActiveCfg = Debug|Any CPU
		{E98A8D9B-8327-4FAF-9D09-7E54C67BF57E}.Debug|x64.Build.0 = Debug|Any CPU
		{E98A8D9B-8327-4FAF-9D09-7E54C67BF57E}.Debug|x86.ActiveCfg = Debug|x86
		{E98A8D9B-8327-4FAF-9D09-7E54C67BF57E}.Debug|x86.Build.0 = Debug|x86
		{E98A8D9B-8327-4FAF-9D09-7E54C67BF57E}.Release|Any CPU.ActiveCfg = Release|Any CPU
		{E98A8D9B-8327-4FAF-9D09-7E54C67BF57E}.Release|Any CPU.Build.0 = Release|Any CPU
		{E98A8D9B-8327-4FAF-9D09-7E54C67BF57E}.Release|x64.ActiveCfg = Release|x64
		{E98A8D9B-8327-4FAF-9D09-7E54C67BF57E}.Release|x64.Build.0 = Release|x64
		{E98A8D9B-8327-4FAF-9D09-7E54C67BF57E}.Release|x86.ActiveCfg = Release|x86
		{E98A8D9B-8327-4FAF-9D09-7E54C67BF57E}.Release|x86.Build.0 = Release|x86
	EndGlobalSection
	GlobalSection(SolutionProperties) = preSolution
		HideSolutionNode = FALSE
	EndGlobalSection
	GlobalSection(ExtensibilityGlobals) = postSolution
		SolutionGuid = {43F2904A-5749-47FE-A7D0-55A8D67CE140}
	EndGlobalSection
EndGlobal
